
Microsoft Visual Studio Solution File, Format Version 12.00
# Visual Studio Version 17
VisualStudioVersion = 17.12.35527.113 d17.12
MinimumVisualStudioVersion = 10.0.40219.1
Project("{2150E333-8FDC-42A3-9474-1A3956D46DE8}") = "Domain", "Domain", "{57544F83-6933-4C52-B843-B3059D6EF70F}"
EndProject
Project("{FAE04EC0-301F-11D3-BF4B-00C04F79EFBC}") = "MoneyMaster.Domain.Entities", "Domain\MoneyMaster.Domain.Entities\MoneyMaster.Domain.Entities.csproj", "{04E08136-6C9E-4DCC-9315-6CC6A5E06969}"
EndProject
Global
	GlobalSection(SolutionConfigurationPlatforms) = preSolution
		Debug|Any CPU = Debug|Any CPU
		Release|Any CPU = Release|Any CPU
	EndGlobalSection
	GlobalSection(ProjectConfigurationPlatforms) = postSolution
		{04E08136-6C9E-4DCC-9315-6CC6A5E06969}.Debug|Any CPU.ActiveCfg = Debug|Any CPU
		{04E08136-6C9E-4DCC-9315-6CC6A5E06969}.Debug|Any CPU.Build.0 = Debug|Any CPU
		{04E08136-6C9E-4DCC-9315-6CC6A5E06969}.Release|Any CPU.ActiveCfg = Release|Any CPU
		{04E08136-6C9E-4DCC-9315-6CC6A5E06969}.Release|Any CPU.Build.0 = Release|Any CPU
	EndGlobalSection
	GlobalSection(SolutionProperties) = preSolution
		HideSolutionNode = FALSE
	EndGlobalSection
	GlobalSection(NestedProjects) = preSolution
		{04E08136-6C9E-4DCC-9315-6CC6A5E06969} = {57544F83-6933-4C52-B843-B3059D6EF70F}
	EndGlobalSection
EndGlobal
